{
  "name": "pacioli-business-auth-mock",
  "lockfileVersion": 3,
  "requires": true,
  "packages": {
    "": {
      "name": "pacioli-business-auth-mock",
      "dependencies": {
        "openid-client": "6.8.1"
      }
    },
    "node_modules/jose": {
      "version": "6.2.9",
      "resolved": "https://registry.npmjs.org/jose/-/jose-6.2.9.tgz",
      "integrity": "sha512-XrchZOFZUl/T3vTwRe8XK+cJrGtMF4th1ARnDfwbBXFKThGhlsxEE4Zu03AD/bjJSt/9jT/mxrOCkJWOg77aPA==",
      "license": "MIT",
      "funding": {
        "url": "https://github.com/sponsors/panva"
      }
    },
    "node_modules/oauth4webapi": {
      "version": "3.8.7",
      "resolved": "https://registry.npmjs.org/oauth4webapi/-/oauth4webapi-3.8.7.tgz",
      "integrity": "sha512-4RxcKxXjuItDFZ20RRPf4YTw3kpeXJyCgJFxVzJ068A7PNJ18st2Dg90tlC1LkSDS0GecroagCLHYEIVUhCAkw==",
      "license": "MIT",
      "funding": {
        "url": "https://github.com/sponsors/panva"
      }
    },
    "node_modules/openid-client": {
      "version": "6.8.1",
      "resolved": "https://registry.npmjs.org/openid-client/-/openid-client-6.8.1.tgz",
      "integrity": "sha512-VoYT6enBo6Vj2j3Q5Ec0AezS+9YGzQo1f5Xc42lreMGlfP4ljiXPKVDvCADh+XHCV/bqPu/wWSiCVXbJKvrODw==",
      "license": "MIT",
      "dependencies": {
        "jose": "^6.1.0",
        "oauth4webapi": "^3.8.2"
      },
      "funding": {
        "url": "https://github.com/sponsors/panva"
      }
    }
  }
}
